
Microsoft Visual Studio Solution File, Format Version 12.00
# Visual Studio Version 17
VisualStudioVersion = 17.9.34902.65
MinimumVisualStudioVersion = 10.0.40219.1
Project("{FAE04EC0-301F-11D3-BF4B-00C04F79EFBC}") = "DataTypeExample", "DataTypeExample\DataTypeExample.csproj", "{28D43734-6B6B-4168-A122-829EF784BC59}"
EndProject
Global
	GlobalSection(SolutionConfigurationPlatforms) = preSolution
		Debug|Any CPU = Debug|Any CPU
		Release|Any CPU = Release|Any CPU
	EndGlobalSection
	GlobalSection(ProjectConfigurationPlatforms) = postSolution
		{28D43734-6B6B-4168-A122-829EF784BC59}.Debug|Any CPU.ActiveCfg = Debug|Any CPU
		{28D43734-6B6B-4168-A122-829EF784BC59}.Debug|Any CPU.Build.0 = Debug|Any CPU
		{28D43734-6B6B-4168-A122-829EF784BC59}.Release|Any CPU.ActiveCfg = Release|Any CPU
		{28D43734-6B6B-4168-A122-829EF784BC59}.Release|Any CPU.Build.0 = Release|Any CPU
	EndGlobalSection
	GlobalSection(SolutionProperties) = preSolution
		HideSolutionNode = FALSE
	EndGlobalSection
	GlobalSection(ExtensibilityGlobals) = postSolution
		SolutionGuid = {516C7514-1160-4A9D-9D1D-AA438A000C85}
	EndGlobalSection
EndGlobal
