
Microsoft Visual Studio Solution File, Format Version 12.00
# Visual Studio Version 17
VisualStudioVersion = 17.9.34902.65
MinimumVisualStudioVersion = 10.0.40219.1
Project("{FAE04EC0-301F-11D3-BF4B-00C04F79EFBC}") = "StringArrayExample", "StringArrayExample\StringArrayExample.csproj", "{67A1CBBD-AC55-4AD9-B3A6-B5EAA2C7FEB8}"
EndProject
Global
	GlobalSection(SolutionConfigurationPlatforms) = preSolution
		Debug|Any CPU = Debug|Any CPU
		Release|Any CPU = Release|Any CPU
	EndGlobalSection
	GlobalSection(ProjectConfigurationPlatforms) = postSolution
		{67A1CBBD-AC55-4AD9-B3A6-B5EAA2C7FEB8}.Debug|Any CPU.ActiveCfg = Debug|Any CPU
		{67A1CBBD-AC55-4AD9-B3A6-B5EAA2C7FEB8}.Debug|Any CPU.Build.0 = Debug|Any CPU
		{67A1CBBD-AC55-4AD9-B3A6-B5EAA2C7FEB8}.Release|Any CPU.ActiveCfg = Release|Any CPU
		{67A1CBBD-AC55-4AD9-B3A6-B5EAA2C7FEB8}.Release|Any CPU.Build.0 = Release|Any CPU
	EndGlobalSection
	GlobalSection(SolutionProperties) = preSolution
		HideSolutionNode = FALSE
	EndGlobalSection
	GlobalSection(ExtensibilityGlobals) = postSolution
		SolutionGuid = {E5D74D89-7306-4338-A69A-59580BD3D81B}
	EndGlobalSection
EndGlobal
