
Microsoft Visual Studio Solution File, Format Version 12.00
# Visual Studio Version 17
VisualStudioVersion = 17.9.34902.65
MinimumVisualStudioVersion = 10.0.40219.1
Project("{FAE04EC0-301F-11D3-BF4B-00C04F79EFBC}") = "ClassWork", "ClassWork\ClassWork.csproj", "{A95258F4-2534-4172-BABD-BD730ACF5C31}"
EndProject
Global
	GlobalSection(SolutionConfigurationPlatforms) = preSolution
		Debug|Any CPU = Debug|Any CPU
		Release|Any CPU = Release|Any CPU
	EndGlobalSection
	GlobalSection(ProjectConfigurationPlatforms) = postSolution
		{A95258F4-2534-4172-BABD-BD730ACF5C31}.Debug|Any CPU.ActiveCfg = Debug|Any CPU
		{A95258F4-2534-4172-BABD-BD730ACF5C31}.Debug|Any CPU.Build.0 = Debug|Any CPU
		{A95258F4-2534-4172-BABD-BD730ACF5C31}.Release|Any CPU.ActiveCfg = Release|Any CPU
		{A95258F4-2534-4172-BABD-BD730ACF5C31}.Release|Any CPU.Build.0 = Release|Any CPU
	EndGlobalSection
	GlobalSection(SolutionProperties) = preSolution
		HideSolutionNode = FALSE
	EndGlobalSection
	GlobalSection(ExtensibilityGlobals) = postSolution
		SolutionGuid = {B1B7ACB2-4531-4DBE-8B3F-14A51DDC8AAB}
	EndGlobalSection
EndGlobal
