
Microsoft Visual Studio Solution File, Format Version 12.00
# Visual Studio Version 17
VisualStudioVersion = 17.9.34902.65
MinimumVisualStudioVersion = 10.0.40219.1
Project("{FAE04EC0-301F-11D3-BF4B-00C04F79EFBC}") = "Homework28.07", "Homework28.07\Homework28.07.csproj", "{A39C1EC6-D0E2-45C7-9F82-15FD6111A59B}"
EndProject
Global
	GlobalSection(SolutionConfigurationPlatforms) = preSolution
		Debug|Any CPU = Debug|Any CPU
		Release|Any CPU = Release|Any CPU
	EndGlobalSection
	GlobalSection(ProjectConfigurationPlatforms) = postSolution
		{A39C1EC6-D0E2-45C7-9F82-15FD6111A59B}.Debug|Any CPU.ActiveCfg = Debug|Any CPU
		{A39C1EC6-D0E2-45C7-9F82-15FD6111A59B}.Debug|Any CPU.Build.0 = Debug|Any CPU
		{A39C1EC6-D0E2-45C7-9F82-15FD6111A59B}.Release|Any CPU.ActiveCfg = Release|Any CPU
		{A39C1EC6-D0E2-45C7-9F82-15FD6111A59B}.Release|Any CPU.Build.0 = Release|Any CPU
	EndGlobalSection
	GlobalSection(SolutionProperties) = preSolution
		HideSolutionNode = FALSE
	EndGlobalSection
	GlobalSection(ExtensibilityGlobals) = postSolution
		SolutionGuid = {E9333647-43FF-4FE7-BFD4-40C48AAD4D6F}
	EndGlobalSection
EndGlobal
