
Microsoft Visual Studio Solution File, Format Version 12.00
# Visual Studio Version 17
VisualStudioVersion = 17.9.34902.65
MinimumVisualStudioVersion = 10.0.40219.1
Project("{FAE04EC0-301F-11D3-BF4B-00C04F79EFBC}") = "MethodExample", "MethodExample\MethodExample.csproj", "{86BEC844-87A9-4B6B-B1C9-1237A1747774}"
EndProject
Global
	GlobalSection(SolutionConfigurationPlatforms) = preSolution
		Debug|Any CPU = Debug|Any CPU
		Release|Any CPU = Release|Any CPU
	EndGlobalSection
	GlobalSection(ProjectConfigurationPlatforms) = postSolution
		{86BEC844-87A9-4B6B-B1C9-1237A1747774}.Debug|Any CPU.ActiveCfg = Debug|Any CPU
		{86BEC844-87A9-4B6B-B1C9-1237A1747774}.Debug|Any CPU.Build.0 = Debug|Any CPU
		{86BEC844-87A9-4B6B-B1C9-1237A1747774}.Release|Any CPU.ActiveCfg = Release|Any CPU
		{86BEC844-87A9-4B6B-B1C9-1237A1747774}.Release|Any CPU.Build.0 = Release|Any CPU
	EndGlobalSection
	GlobalSection(SolutionProperties) = preSolution
		HideSolutionNode = FALSE
	EndGlobalSection
	GlobalSection(ExtensibilityGlobals) = postSolution
		SolutionGuid = {54541308-9EC6-43DB-AE8F-658440506EA3}
	EndGlobalSection
EndGlobal
